
Microsoft Visual Studio Solution File, Format Version 12.00
# Visual Studio Version 17
VisualStudioVersion = 17.4.33205.214
MinimumVisualStudioVersion = 10.0.40219.1
Project("{9A19103F-16F7-4668-BE54-9A1E7A4F7556}") = "ModdingTool", "ModdingTool.csproj", "{11CA8524-4557-4E75-BCFE-5076F7020A28}"
EndProject
Project("{8BC9CEB8-8B4A-11D0-8D11-00A0C91BC942}") = "ModToolLib", "ModToolLib\ModToolLib.vcxproj", "{35A43005-409D-4592-8ED7-79C8636EC18F}"
EndProject
Global
	GlobalSection(SolutionConfigurationPlatforms) = preSolution
		Debug|Any CPU = Debug|Any CPU
		Debug|ARM = Debug|ARM
		Debug|ARM64 = Debug|ARM64
		Debug|x64 = Debug|x64
		Debug|x86 = Debug|x86
		Release|Any CPU = Release|Any CPU
		Release|ARM = Release|ARM
		Release|ARM64 = Release|ARM64
		Release|x64 = Release|x64
		Release|x86 = Release|x86
	EndGlobalSection
	GlobalSection(ProjectConfigurationPlatforms) = postSolution
		{11CA8524-4557-4E75-BCFE-5076F7020A28}.Debug|Any CPU.ActiveCfg = Debug|Any CPU
		{11CA8524-4557-4E75-BCFE-5076F7020A28}.Debug|Any CPU.Build.0 = Debug|Any CPU
		{11CA8524-4557-4E75-BCFE-5076F7020A28}.Debug|ARM.ActiveCfg = Debug|Any CPU
		{11CA8524-4557-4E75-BCFE-5076F7020A28}.Debug|ARM.Build.0 = Debug|Any CPU
		{11CA8524-4557-4E75-BCFE-5076F7020A28}.Debug|ARM64.ActiveCfg = Debug|Any CPU
		{11CA8524-4557-4E75-BCFE-5076F7020A28}.Debug|ARM64.Build.0 = Debug|Any CPU
		{11CA8524-4557-4E75-BCFE-5076F7020A28}.Debug|x64.ActiveCfg = Debug|Any CPU
		{11CA8524-4557-4E75-BCFE-5076F7020A28}.Debug|x64.Build.0 = Debug|Any CPU
		{11CA8524-4557-4E75-BCFE-5076F7020A28}.Debug|x86.ActiveCfg = Debug|Any CPU
		{11CA8524-4557-4E75-BCFE-5076F7020A28}.Debug|x86.Build.0 = Debug|Any CPU
		{11CA8524-4557-4E75-BCFE-5076F7020A28}.Release|Any CPU.ActiveCfg = Release|Any CPU
		{11CA8524-4557-4E75-BCFE-5076F7020A28}.Release|Any CPU.Build.0 = Release|Any CPU
		{11CA8524-4557-4E75-BCFE-5076F7020A28}.Release|ARM.ActiveCfg = Release|Any CPU
		{11CA8524-4557-4E75-BCFE-5076F7020A28}.Release|ARM.Build.0 = Release|Any CPU
		{11CA8524-4557-4E75-BCFE-5076F7020A28}.Release|ARM64.ActiveCfg = Release|Any CPU
		{11CA8524-4557-4E75-BCFE-5076F7020A28}.Release|ARM64.Build.0 = Release|Any CPU
		{11CA8524-4557-4E75-BCFE-5076F7020A28}.Release|x64.ActiveCfg = Release|Any CPU
		{11CA8524-4557-4E75-BCFE-5076F7020A28}.Release|x64.Build.0 = Release|Any CPU
		{11CA8524-4557-4E75-BCFE-5076F7020A28}.Release|x86.ActiveCfg = Release|Any CPU
		{11CA8524-4557-4E75-BCFE-5076F7020A28}.Release|x86.Build.0 = Release|Any CPU
		{35A43005-409D-4592-8ED7-79C8636EC18F}.Debug|Any CPU.ActiveCfg = Debug|x64
		{35A43005-409D-4592-8ED7-79C8636EC18F}.Debug|Any CPU.Build.0 = Debug|x64
		{35A43005-409D-4592-8ED7-79C8636EC18F}.Debug|ARM.ActiveCfg = Debug|x64
		{35A43005-409D-4592-8ED7-79C8636EC18F}.Debug|ARM.Build.0 = Debug|x64
		{35A43005-409D-4592-8ED7-79C8636EC18F}.Debug|ARM64.ActiveCfg = Debug|x64
		{35A43005-409D-4592-8ED7-79C8636EC18F}.Debug|ARM64.Build.0 = Debug|x64
		{35A43005-409D-4592-8ED7-79C8636EC18F}.Debug|x64.ActiveCfg = Debug|x64
		{35A43005-409D-4592-8ED7-79C8636EC18F}.Debug|x64.Build.0 = Debug|x64
		{35A43005-409D-4592-8ED7-79C8636EC18F}.Debug|x86.ActiveCfg = Debug|Win32
		{35A43005-409D-4592-8ED7-79C8636EC18F}.Debug|x86.Build.0 = Debug|Win32
		{35A43005-409D-4592-8ED7-79C8636EC18F}.Release|Any CPU.ActiveCfg = Release|x64
		{35A43005-409D-4592-8ED7-79C8636EC18F}.Release|Any CPU.Build.0 = Release|x64
		{35A43005-409D-4592-8ED7-79C8636EC18F}.Release|ARM.ActiveCfg = Release|x64
		{35A43005-409D-4592-8ED7-79C8636EC18F}.Release|ARM.Build.0 = Release|x64
		{35A43005-409D-4592-8ED7-79C8636EC18F}.Release|ARM64.ActiveCfg = Release|x64
		{35A43005-409D-4592-8ED7-79C8636EC18F}.Release|ARM64.Build.0 = Release|x64
		{35A43005-409D-4592-8ED7-79C8636EC18F}.Release|x64.ActiveCfg = Release|x64
		{35A43005-409D-4592-8ED7-79C8636EC18F}.Release|x64.Build.0 = Release|x64
		{35A43005-409D-4592-8ED7-79C8636EC18F}.Release|x86.ActiveCfg = Release|Win32
		{35A43005-409D-4592-8ED7-79C8636EC18F}.Release|x86.Build.0 = Release|Win32
	EndGlobalSection
	GlobalSection(SolutionProperties) = preSolution
		HideSolutionNode = FALSE
	EndGlobalSection
	GlobalSection(ExtensibilityGlobals) = postSolution
		SolutionGuid = {CE723E31-9225-4A1B-9FFB-C346B6B465B3}
	EndGlobalSection
EndGlobal
